// !$*UTF8*$!
{
	archiveVersion = 1;
	classes = {
	};
	objectVersion = 56;
	objects = {

/* Begin PBXBuildFile section */
		ED3A9F512A96021300AF6FB3 /* TestArchApp.swift in Sources */ = {isa = PBXBuildFile; fileRef = ED3A9F502A96021300AF6FB3 /* TestArchApp.swift */; };
		ED3A9F532A96021300AF6FB3 /* ContentView.swift in Sources */ = {isa = PBXBuildFile; fileRef = ED3A9F522A96021300AF6FB3 /* ContentView.swift */; };
		ED3A9F552A96021400AF6FB3 /* Assets.xcassets in Resources */ = {isa = PBXBuildFile; fileRef = ED3A9F542A96021400AF6FB3 /* Assets.xcassets */; };
		ED3A9F582A96021400AF6FB3 /* Preview Assets.xcassets in Resources */ = {isa = PBXBuildFile; fileRef = ED3A9F572A96021400AF6FB3 /* Preview Assets.xcassets */; };
		EDDAF5752A96123B00940D5E /* LoginView.swift in Sources */ = {isa = PBXBuildFile; fileRef = EDDAF5742A96123B00940D5E /* LoginView.swift */; };
		EDDAF5792A96134200940D5E /* HobbiesListView.swift in Sources */ = {isa = PBXBuildFile; fileRef = EDDAF5782A96134200940D5E /* HobbiesListView.swift */; };
		EDDAF57B2A96148300940D5E /* ProfileView.swift in Sources */ = {isa = PBXBuildFile; fileRef = EDDAF57A2A96148300940D5E /* ProfileView.swift */; };
		EDDAF57D2A96162000940D5E /* HobbiesDetailView.swift in Sources */ = {isa = PBXBuildFile; fileRef = EDDAF57C2A96162000940D5E /* HobbiesDetailView.swift */; };
/* End PBXBuildFile section */

/* Begin PBXFileReference section */
		ED3A9F4D2A96021300AF6FB3 /* TestArch.app */ = {isa = PBXFileReference; explicitFileType = wrapper.application; includeInIndex = 0; path = TestArch.app; sourceTree = BUILT_PRODUCTS_DIR; };
		ED3A9F502A96021300AF6FB3 /* TestArchApp.swift */ = {isa = PBXFileReference; lastKnownFileType = sourcecode.swift; path = TestArchApp.swift; sourceTree = "<group>"; };
		ED3A9F522A96021300AF6FB3 /* ContentView.swift */ = {isa = PBXFileReference; lastKnownFileType = sourcecode.swift; path = ContentView.swift; sourceTree = "<group>"; };
		ED3A9F542A96021400AF6FB3 /* Assets.xcassets */ = {isa = PBXFileReference; lastKnownFileType = folder.assetcatalog; path = Assets.xcassets; sourceTree = "<group>"; };
		ED3A9F572A96021400AF6FB3 /* Preview Assets.xcassets */ = {isa = PBXFileReference; lastKnownFileType = folder.assetcatalog; path = "Preview Assets.xcassets"; sourceTree = "<group>"; };
		EDDAF5742A96123B00940D5E /* LoginView.swift */ = {isa = PBXFileReference; lastKnownFileType = sourcecode.swift; path = LoginView.swift; sourceTree = "<group>"; };
		EDDAF5782A96134200940D5E /* HobbiesListView.swift */ = {isa = PBXFileReference; lastKnownFileType = sourcecode.swift; path = HobbiesListView.swift; sourceTree = "<group>"; };
		EDDAF57A2A96148300940D5E /* ProfileView.swift */ = {isa = PBXFileReference; lastKnownFileType = sourcecode.swift; path = ProfileView.swift; sourceTree = "<group>"; };
		EDDAF57C2A96162000940D5E /* HobbiesDetailView.swift */ = {isa = PBXFileReference; lastKnownFileType = sourcecode.swift; path = HobbiesDetailView.swift; sourceTree = "<group>"; };
/* End PBXFileReference section */

/* Begin PBXFrameworksBuildPhase section */
		ED3A9F4A2A96021300AF6FB3 /* Frameworks */ = {
			isa = PBXFrameworksBuildPhase;
			buildActionMask = 2147483647;
			files = (
			);
			runOnlyForDeploymentPostprocessing = 0;
		};
/* End PBXFrameworksBuildPhase section */

/* Begin PBXGroup section */
		ED3A9F442A96021300AF6FB3 = {
			isa = PBXGroup;
			children = (
				ED3A9F4F2A96021300AF6FB3 /* TestArch */,
				ED3A9F4E2A96021300AF6FB3 /* Products */,
			);
			sourceTree = "<group>";
		};
		ED3A9F4E2A96021300AF6FB3 /* Products */ = {
			isa = PBXGroup;
			children = (
				ED3A9F4D2A96021300AF6FB3 /* TestArch.app */,
			);
			name = Products;
			sourceTree = "<group>";
		};
		ED3A9F4F2A96021300AF6FB3 /* TestArch */ = {
			isa = PBXGroup;
			children = (
				ED3A9F502A96021300AF6FB3 /* TestArchApp.swift */,
				ED3A9F522A96021300AF6FB3 /* ContentView.swift */,
				EDDAF5742A96123B00940D5E /* LoginView.swift */,
				EDDAF5782A96134200940D5E /* HobbiesListView.swift */,
				EDDAF57C2A96162000940D5E /* HobbiesDetailView.swift */,
				EDDAF57A2A96148300940D5E /* ProfileView.swift */,
				ED3A9F542A96021400AF6FB3 /* Assets.xcassets */,
				ED3A9F562A96021400AF6FB3 /* Preview Content */,
			);
			path = TestArch;
			sourceTree = "<group>";
		};
		ED3A9F562A96021400AF6FB3 /* Preview Content */ = {
			isa = PBXGroup;
			children = (
				ED3A9F572A96021400AF6FB3 /* Preview Assets.xcassets */,
			);
			path = "Preview Content";
			sourceTree = "<group>";
		};
/* End PBXGroup section */

/* Begin PBXNativeTarget section */
		ED3A9F4C2A96021300AF6FB3 /* TestArch */ = {
			isa = PBXNativeTarget;
			buildConfigurationList = ED3A9F5B2A96021400AF6FB3 /* Build configuration list for PBXNativeTarget "TestArch" */;
			buildPhases = (
				ED3A9F492A96021300AF6FB3 /* Sources */,
				ED3A9F5E2A96043400AF6FB3 /* ShellScript */,
				ED3A9F4A2A96021300AF6FB3 /* Frameworks */,
				ED3A9F4B2A96021300AF6FB3 /* Resources */,
			);
			buildRules = (
			);
			dependencies = (
			);
			name = TestArch;
			productName = TestArch;
			productReference = ED3A9F4D2A96021300AF6FB3 /* TestArch.app */;
			productType = "com.apple.product-type.application";
		};
/* End PBXNativeTarget section */

/* Begin PBXProject section */
		ED3A9F452A96021300AF6FB3 /* Project object */ = {
			isa = PBXProject;
			attributes = {
				BuildIndependentTargetsInParallel = 1;
				LastSwiftUpdateCheck = 1430;
				LastUpgradeCheck = 1430;
				TargetAttributes = {
					ED3A9F4C2A96021300AF6FB3 = {
						CreatedOnToolsVersion = 14.3.1;
					};
				};
			};
			buildConfigurationList = ED3A9F482A96021300AF6FB3 /* Build configuration list for PBXProject "TestArch" */;
			compatibilityVersion = "Xcode 14.0";
			developmentRegion = en;
			hasScannedForEncodings = 0;
			knownRegions = (
				en,
				Base,
			);
			mainGroup = ED3A9F442A96021300AF6FB3;
			productRefGroup = ED3A9F4E2A96021300AF6FB3 /* Products */;
			projectDirPath = "";
			projectRoot = "";
			targets = (
				ED3A9F4C2A96021300AF6FB3 /* TestArch */,
			);
		};
/* End PBXProject section */

/* Begin PBXResourcesBuildPhase section */
		ED3A9F4B2A96021300AF6FB3 /* Resources */ = {
			isa = PBXResourcesBuildPhase;
			buildActionMask = 2147483647;
			files = (
				ED3A9F582A96021400AF6FB3 /* Preview Assets.xcassets in Resources */,
				ED3A9F552A96021400AF6FB3 /* Assets.xcassets in Resources */,
			);
			runOnlyForDeploymentPostprocessing = 0;
		};
/* End PBXResourcesBuildPhase section */

/* Begin PBXShellScriptBuildPhase section */
		ED3A9F5E2A96043400AF6FB3 /* ShellScript */ = {
			isa = PBXShellScriptBuildPhase;
			alwaysOutOfDate = 1;
			buildActionMask = 2147483647;
			files = (
			);
			inputFileListPaths = (
			);
			inputPaths = (
			);
			outputFileListPaths = (
			);
			outputPaths = (
			);
			runOnlyForDeploymentPostprocessing = 0;
			shellPath = /bin/sh;
			shellScript = "if which swiftlint > /dev/null; then\n  swiftlint\nelse\n  echo \"warning: SwiftLint not installed, download from https://github.com/realm/SwiftLint\"\nfi\n";
		};
/* End PBXShellScriptBuildPhase section */

/* Begin PBXSourcesBuildPhase section */
		ED3A9F492A96021300AF6FB3 /* Sources */ = {
			isa = PBXSourcesBuildPhase;
			buildActionMask = 2147483647;
			files = (
				EDDAF57D2A96162000940D5E /* HobbiesDetailView.swift in Sources */,
				EDDAF5752A96123B00940D5E /* LoginView.swift in Sources */,
				ED3A9F532A96021300AF6FB3 /* ContentView.swift in Sources */,
				EDDAF57B2A96148300940D5E /* ProfileView.swift in Sources */,
				ED3A9F512A96021300AF6FB3 /* TestArchApp.swift in Sources */,
				EDDAF5792A96134200940D5E /* HobbiesListView.swift in Sources */,
			);
			runOnlyForDeploymentPostprocessing = 0;
		};
/* End PBXSourcesBuildPhase section */

/* Begin XCBuildConfiguration section */
		ED3A9F592A96021400AF6FB3 /* Debug */ = {
			isa = XCBuildConfiguration;
			buildSettings = {
				ALWAYS_SEARCH_USER_PATHS = NO;
				CLANG_ANALYZER_NONNULL = YES;
				CLANG_ANALYZER_NUMBER_OBJECT_CONVERSION = YES_AGGRESSIVE;
				CLANG_CXX_LANGUAGE_STANDARD = "gnu++20";
				CLANG_ENABLE_MODULES = YES;
				CLANG_ENABLE_OBJC_ARC = YES;
				CLANG_ENABLE_OBJC_WEAK = YES;
				CLANG_WARN_BLOCK_CAPTURE_AUTORELEASING = YES;
				CLANG_WARN_BOOL_CONVERSION = YES;
				CLANG_WARN_COMMA = YES;
				CLANG_WARN_CONSTANT_CONVERSION = YES;
				CLANG_WARN_DEPRECATED_OBJC_IMPLEMENTATIONS = YES;
				CLANG_WARN_DIRECT_OBJC_ISA_USAGE = YES_ERROR;
				CLANG_WARN_DOCUMENTATION_COMMENTS = YES;
				CLANG_WARN_EMPTY_BODY = YES;
				CLANG_WARN_ENUM_CONVERSION = YES;
				CLANG_WARN_INFINITE_RECURSION = YES;
				CLANG_WARN_INT_CONVERSION = YES;
				CLANG_WARN_NON_LITERAL_NULL_CONVERSION = YES;
				CLANG_WARN_OBJC_IMPLICIT_RETAIN_SELF = YES;
				CLANG_WARN_OBJC_LITERAL_CONVERSION = YES;
				CLANG_WARN_OBJC_ROOT_CLASS = YES_ERROR;
				CLANG_WARN_QUOTED_INCLUDE_IN_FRAMEWORK_HEADER = YES;
				CLANG_WARN_RANGE_LOOP_ANALYSIS = YES;
				CLANG_WARN_STRICT_PROTOTYPES = YES;
				CLANG_WARN_SUSPICIOUS_MOVE = YES;
				CLANG_WARN_UNGUARDED_AVAILABILITY = YES_AGGRESSIVE;
				CLANG_WARN_UNREACHABLE_CODE = YES;
				CLANG_WARN__DUPLICATE_METHOD_MATCH = YES;
				COPY_PHASE_STRIP = NO;
				DEBUG_INFORMATION_FORMAT = dwarf;
				ENABLE_STRICT_OBJC_MSGSEND = YES;
				ENABLE_TESTABILITY = YES;
				GCC_C_LANGUAGE_STANDARD = gnu11;
				GCC_DYNAMIC_NO_PIC = NO;
				GCC_NO_COMMON_BLOCKS = YES;
				GCC_OPTIMIZATION_LEVEL = 0;
				GCC_PREPROCESSOR_DEFINITIONS = (
					"DEBUG=1",
					"$(inherited)",
				);
				GCC_WARN_64_TO_32_BIT_CONVERSION = YES;
				GCC_WARN_ABOUT_RETURN_TYPE = YES_ERROR;
				GCC_WARN_UNDECLARED_SELECTOR = YES;
				GCC_WARN_UNINITIALIZED_AUTOS = YES_AGGRESSIVE;
				GCC_WARN_UNUSED_FUNCTION = YES;
				GCC_WARN_UNUSED_VARIABLE = YES;
				IPHONEOS_DEPLOYMENT_TARGET = 14.7;
				MTL_ENABLE_DEBUG_INFO = INCLUDE_SOURCE;
				MTL_FAST_MATH = YES;
				ONLY_ACTIVE_ARCH = YES;
				SDKROOT = iphoneos;
				SWIFT_ACTIVE_COMPILATION_CONDITIONS = DEBUG;
				SWIFT_OPTIMIZATION_LEVEL = "-Onone";
			};
			name = Debug;
		};
		ED3A9F5A2A96021400AF6FB3 /* Release */ = {
			isa = XCBuildConfiguration;
			buildSettings = {
				ALWAYS_SEARCH_USER_PATHS = NO;
				CLANG_ANALYZER_NONNULL = YES;
				CLANG_ANALYZER_NUMBER_OBJECT_CONVERSION = YES_AGGRESSIVE;
				CLANG_CXX_LANGUAGE_STANDARD = "gnu++20";
				CLANG_ENABLE_MODULES = YES;
				CLANG_ENABLE_OBJC_ARC = YES;
				CLANG_ENABLE_OBJC_WEAK = YES;
				CLANG_WARN_BLOCK_CAPTURE_AUTORELEASING = YES;
				CLANG_WARN_BOOL_CONVERSION = YES;
				CLANG_WARN_COMMA = YES;
				CLANG_WARN_CONSTANT_CONVERSION = YES;
				CLANG_WARN_DEPRECATED_OBJC_IMPLEMENTATIONS = YES;
				CLANG_WARN_DIRECT_OBJC_ISA_USAGE = YES_ERROR;
				CLANG_WARN_DOCUMENTATION_COMMENTS = YES;
				CLANG_WARN_EMPTY_BODY = YES;
				CLANG_WARN_ENUM_CONVERSION = YES;
				CLANG_WARN_INFINITE_RECURSION = YES;
				CLANG_WARN_INT_CONVERSION = YES;
				CLANG_WARN_NON_LITERAL_NULL_CONVERSION = YES;
				CLANG_WARN_OBJC_IMPLICIT_RETAIN_SELF = YES;
				CLANG_WARN_OBJC_LITERAL_CONVERSION = YES;
				CLANG_WARN_OBJC_ROOT_CLASS = YES_ERROR;
				CLANG_WARN_QUOTED_INCLUDE_IN_FRAMEWORK_HEADER = YES;
				CLANG_WARN_RANGE_LOOP_ANALYSIS = YES;
				CLANG_WARN_STRICT_PROTOTYPES = YES;
				CLANG_WARN_SUSPICIOUS_MOVE = YES;
				CLANG_WARN_UNGUARDED_AVAILABILITY = YES_AGGRESSIVE;
				CLANG_WARN_UNREACHABLE_CODE = YES;
				CLANG_WARN__DUPLICATE_METHOD_MATCH = YES;
				COPY_PHASE_STRIP = NO;
				DEBUG_INFORMATION_FORMAT = "dwarf-with-dsym";
				ENABLE_NS_ASSERTIONS = NO;
				ENABLE_STRICT_OBJC_MSGSEND = YES;
				GCC_C_LANGUAGE_STANDARD = gnu11;
				GCC_NO_COMMON_BLOCKS = YES;
				GCC_WARN_64_TO_32_BIT_CONVERSION = YES;
				GCC_WARN_ABOUT_RETURN_TYPE = YES_ERROR;
				GCC_WARN_UNDECLARED_SELECTOR = YES;
				GCC_WARN_UNINITIALIZED_AUTOS = YES_AGGRESSIVE;
				GCC_WARN_UNUSED_FUNCTION = YES;
				GCC_WARN_UNUSED_VARIABLE = YES;
				IPHONEOS_DEPLOYMENT_TARGET = 14.7;
				MTL_ENABLE_DEBUG_INFO = NO;
				MTL_FAST_MATH = YES;
				SDKROOT = iphoneos;
				SWIFT_COMPILATION_MODE = wholemodule;
				SWIFT_OPTIMIZATION_LEVEL = "-O";
				VALIDATE_PRODUCT = YES;
			};
			name = Release;
		};
		ED3A9F5C2A96021400AF6FB3 /* Debug */ = {
			isa = XCBuildConfiguration;
			buildSettings = {
				ASSETCATALOG_COMPILER_APPICON_NAME = AppIcon;
				ASSETCATALOG_COMPILER_GLOBAL_ACCENT_COLOR_NAME = AccentColor;
				CODE_SIGN_STYLE = Automatic;
				CURRENT_PROJECT_VERSION = 1;
				DEVELOPMENT_ASSET_PATHS = "\"TestArch/Preview Content\"";
				DEVELOPMENT_TEAM = Y5PGGD4YTX;
				ENABLE_PREVIEWS = YES;
				GENERATE_INFOPLIST_FILE = YES;
				INFOPLIST_KEY_UIApplicationSceneManifest_Generation = YES;
				INFOPLIST_KEY_UIApplicationSupportsIndirectInputEvents = YES;
				INFOPLIST_KEY_UILaunchScreen_Generation = YES;
				INFOPLIST_KEY_UISupportedInterfaceOrientations_iPad = "UIInterfaceOrientationPortrait UIInterfaceOrientationPortraitUpsideDown UIInterfaceOrientationLandscapeLeft UIInterfaceOrientationLandscapeRight";
				INFOPLIST_KEY_UISupportedInterfaceOrientations_iPhone = "UIInterfaceOrientationPortrait UIInterfaceOrientationLandscapeLeft UIInterfaceOrientationLandscapeRight";
				LD_RUNPATH_SEARCH_PATHS = (
					"$(inherited)",
					"@executable_path/Frameworks",
				);
				MARKETING_VERSION = 1.0;
				PRODUCT_BUNDLE_IDENTIFIER = "ki.dev.example-app.TestArch";
				PRODUCT_NAME = "$(TARGET_NAME)";
				SWIFT_EMIT_LOC_STRINGS = YES;
				SWIFT_VERSION = 5.0;
				TARGETED_DEVICE_FAMILY = "1,2";
			};
			name = Debug;
		};
		ED3A9F5D2A96021400AF6FB3 /* Release */ = {
			isa = XCBuildConfiguration;
			buildSettings = {
				ASSETCATALOG_COMPILER_APPICON_NAME = AppIcon;
				ASSETCATALOG_COMPILER_GLOBAL_ACCENT_COLOR_NAME = AccentColor;
				CODE_SIGN_STYLE = Automatic;
				CURRENT_PROJECT_VERSION = 1;
				DEVELOPMENT_ASSET_PATHS = "\"TestArch/Preview Content\"";
				DEVELOPMENT_TEAM = Y5PGGD4YTX;
				ENABLE_PREVIEWS = YES;
				GENERATE_INFOPLIST_FILE = YES;
				INFOPLIST_KEY_UIApplicationSceneManifest_Generation = YES;
				INFOPLIST_KEY_UIApplicationSupportsIndirectInputEvents = YES;
				INFOPLIST_KEY_UILaunchScreen_Generation = YES;
				INFOPLIST_KEY_UISupportedInterfaceOrientations_iPad = "UIInterfaceOrientationPortrait UIInterfaceOrientationPortraitUpsideDown UIInterfaceOrientationLandscapeLeft UIInterfaceOrientationLandscapeRight";
				INFOPLIST_KEY_UISupportedInterfaceOrientations_iPhone = "UIInterfaceOrientationPortrait UIInterfaceOrientationLandscapeLeft UIInterfaceOrientationLandscapeRight";
				LD_RUNPATH_SEARCH_PATHS = (
					"$(inherited)",
					"@executable_path/Frameworks",
				);
				MARKETING_VERSION = 1.0;
				PRODUCT_BUNDLE_IDENTIFIER = "ki.dev.example-app.TestArch";
				PRODUCT_NAME = "$(TARGET_NAME)";
				SWIFT_EMIT_LOC_STRINGS = YES;
				SWIFT_VERSION = 5.0;
				TARGETED_DEVICE_FAMILY = "1,2";
			};
			name = Release;
		};
/* End XCBuildConfiguration section */

/* Begin XCConfigurationList section */
		ED3A9F482A96021300AF6FB3 /* Build configuration list for PBXProject "TestArch" */ = {
			isa = XCConfigurationList;
			buildConfigurations = (
				ED3A9F592A96021400AF6FB3 /* Debug */,
				ED3A9F5A2A96021400AF6FB3 /* Release */,
			);
			defaultConfigurationIsVisible = 0;
			defaultConfigurationName = Release;
		};
		ED3A9F5B2A96021400AF6FB3 /* Build configuration list for PBXNativeTarget "TestArch" */ = {
			isa = XCConfigurationList;
			buildConfigurations = (
				ED3A9F5C2A96021400AF6FB3 /* Debug */,
				ED3A9F5D2A96021400AF6FB3 /* Release */,
			);
			defaultConfigurationIsVisible = 0;
			defaultConfigurationName = Release;
		};
/* End XCConfigurationList section */
	};
	rootObject = ED3A9F452A96021300AF6FB3 /* Project object */;
}
